
Microsoft Visual Studio Solution File, Format Version 12.00
# Visual Studio Version 16
VisualStudioVersion = 16.0.32510.428
MinimumVisualStudioVersion = 10.0.40219.1
Project("{9A19103F-16F7-4668-BE54-9A1E7A4F7556}") = "FHA Demo", "FHA Demo.csproj", "{0BD9EB98-F589-4396-B9D6-78975D24C1BF}"
EndProject
Project("{9A19103F-16F7-4668-BE54-9A1E7A4F7556}") = "FHIR API", "..\FHIR API\FHIR API.csproj", "{2F0417F3-0AF7-44ED-8449-9E807CBF0A84}"
EndProject
Global
	GlobalSection(SolutionConfigurationPlatforms) = preSolution
		Debug|Any CPU = Debug|Any CPU
		Release|Any CPU = Release|Any CPU
	EndGlobalSection
	GlobalSection(ProjectConfigurationPlatforms) = postSolution
		{0BD9EB98-F589-4396-B9D6-78975D24C1BF}.Debug|Any CPU.ActiveCfg = Debug|Any CPU
		{0BD9EB98-F589-4396-B9D6-78975D24C1BF}.Debug|Any CPU.Build.0 = Debug|Any CPU
		{0BD9EB98-F589-4396-B9D6-78975D24C1BF}.Release|Any CPU.ActiveCfg = Release|Any CPU
		{0BD9EB98-F589-4396-B9D6-78975D24C1BF}.Release|Any CPU.Build.0 = Release|Any CPU
		{2F0417F3-0AF7-44ED-8449-9E807CBF0A84}.Debug|Any CPU.ActiveCfg = Debug|Any CPU
		{2F0417F3-0AF7-44ED-8449-9E807CBF0A84}.Debug|Any CPU.Build.0 = Debug|Any CPU
		{2F0417F3-0AF7-44ED-8449-9E807CBF0A84}.Release|Any CPU.ActiveCfg = Release|Any CPU
		{2F0417F3-0AF7-44ED-8449-9E807CBF0A84}.Release|Any CPU.Build.0 = Release|Any CPU
	EndGlobalSection
	GlobalSection(SolutionProperties) = preSolution
		HideSolutionNode = FALSE
	EndGlobalSection
	GlobalSection(ExtensibilityGlobals) = postSolution
		SolutionGuid = {88E83A1D-F123-48EC-91DD-25D85460B65D}
	EndGlobalSection
EndGlobal
